
Microsoft Visual Studio Solution File, Format Version 12.00
# Visual Studio Version 16
VisualStudioVersion = 16.0.29609.76
MinimumVisualStudioVersion = 10.0.40219.1
Project("{8BC9CEB8-8B4A-11D0-8D11-00A0C91BC942}") = "SimDisplayCLI", "SimDisplayCLI\SimDisplayCLI.vcxproj", "{62E9A1EF-A012-4B57-A7DB-F6D1CC344577}"
EndProject
Global
	GlobalSection(SolutionConfigurationPlatforms) = preSolution
		Debug|x64 = Debug|x64
		Debug|x86 = Debug|x86
		Release|x64 = Release|x64
		Release|x86 = Release|x86
	EndGlobalSection
	GlobalSection(ProjectConfigurationPlatforms) = postSolution
		{62E9A1EF-A012-4B57-A7DB-F6D1CC344577}.Debug|x64.ActiveCfg = Debug|x64
		{62E9A1EF-A012-4B57-A7DB-F6D1CC344577}.Debug|x64.Build.0 = Debug|x64
		{62E9A1EF-A012-4B57-A7DB-F6D1CC344577}.Debug|x86.ActiveCfg = Debug|Win32
		{62E9A1EF-A012-4B57-A7DB-F6D1CC344577}.Debug|x86.Build.0 = Debug|Win32
		{62E9A1EF-A012-4B57-A7DB-F6D1CC344577}.Release|x64.ActiveCfg = Release|x64
		{62E9A1EF-A012-4B57-A7DB-F6D1CC344577}.Release|x64.Build.0 = Release|x64
		{62E9A1EF-A012-4B57-A7DB-F6D1CC344577}.Release|x86.ActiveCfg = Release|Win32
		{62E9A1EF-A012-4B57-A7DB-F6D1CC344577}.Release|x86.Build.0 = Release|Win32
	EndGlobalSection
	GlobalSection(SolutionProperties) = preSolution
		HideSolutionNode = FALSE
	EndGlobalSection
	GlobalSection(ExtensibilityGlobals) = postSolution
		SolutionGuid = {77D52008-E1EC-4595-88A2-4AE98B9810AB}
	EndGlobalSection
EndGlobal
